// !$*UTF8*$!
{
	archiveVersion = 1;
	classes = {
	};
	objectVersion = 50;
	objects = {

/* Begin PBXBuildFile section */
		0603482622C2C595005350E2 /* AppDelegate.m in Sources */ = {isa = PBXBuildFile; fileRef = 0603482522C2C595005350E2 /* AppDelegate.m */; };
		0603482922C2C595005350E2 /* ViewController.m in Sources */ = {isa = PBXBuildFile; fileRef = 0603482822C2C595005350E2 /* ViewController.m */; };
		0603482C22C2C595005350E2 /* Main.storyboard in Resources */ = {isa = PBXBuildFile; fileRef = 0603482A22C2C595005350E2 /* Main.storyboard */; };
		0603482E22C2C596005350E2 /* Assets.xcassets in Resources */ = {isa = PBXBuildFile; fileRef = 0603482D22C2C596005350E2 /* Assets.xcassets */; };
		0603483122C2C596005350E2 /* LaunchScreen.storyboard in Resources */ = {isa = PBXBuildFile; fileRef = 0603482F22C2C596005350E2 /* LaunchScreen.storyboard */; };
		0603483422C2C596005350E2 /* main.m in Sources */ = {isa = PBXBuildFile; fileRef = 0603483322C2C596005350E2 /* main.m */; };
		0603483E22C2C596005350E2 /* TipsterTests.m in Sources */ = {isa = PBXBuildFile; fileRef = 0603483D22C2C596005350E2 /* TipsterTests.m */; };
		0603484922C2C596005350E2 /* TipsterUITests.m in Sources */ = {isa = PBXBuildFile; fileRef = 0603484822C2C596005350E2 /* TipsterUITests.m */; };
/* End PBXBuildFile section */

/* Begin PBXContainerItemProxy section */
		0603483A22C2C596005350E2 /* PBXContainerItemProxy */ = {
			isa = PBXContainerItemProxy;
			containerPortal = 0603481922C2C595005350E2 /* Project object */;
			proxyType = 1;
			remoteGlobalIDString = 0603482022C2C595005350E2;
			remoteInfo = Tipster;
		};
		0603484522C2C596005350E2 /* PBXContainerItemProxy */ = {
			isa = PBXContainerItemProxy;
			containerPortal = 0603481922C2C595005350E2 /* Project object */;
			proxyType = 1;
			remoteGlobalIDString = 0603482022C2C595005350E2;
			remoteInfo = Tipster;
		};
/* End PBXContainerItemProxy section */

/* Begin PBXFileReference section */
		0603482122C2C595005350E2 /* Tipster.app */ = {isa = PBXFileReference; explicitFileType = wrapper.application; includeInIndex = 0; path = Tipster.app; sourceTree = BUILT_PRODUCTS_DIR; };
		0603482422C2C595005350E2 /* AppDelegate.h */ = {isa = PBXFileReference; lastKnownFileType = sourcecode.c.h; path = AppDelegate.h; sourceTree = "<group>"; };
		0603482522C2C595005350E2 /* AppDelegate.m */ = {isa = PBXFileReference; lastKnownFileType = sourcecode.c.objc; path = AppDelegate.m; sourceTree = "<group>"; };
		0603482722C2C595005350E2 /* ViewController.h */ = {isa = PBXFileReference; lastKnownFileType = sourcecode.c.h; path = ViewController.h; sourceTree = "<group>"; };
		0603482822C2C595005350E2 /* ViewController.m */ = {isa = PBXFileReference; lastKnownFileType = sourcecode.c.objc; path = ViewController.m; sourceTree = "<group>"; };
		0603482B22C2C595005350E2 /* Base */ = {isa = PBXFileReference; lastKnownFileType = file.storyboard; name = Base; path = Base.lproj/Main.storyboard; sourceTree = "<group>"; };
		0603482D22C2C596005350E2 /* Assets.xcassets */ = {isa = PBXFileReference; lastKnownFileType = folder.assetcatalog; path = Assets.xcassets; sourceTree = "<group>"; };
		0603483022C2C596005350E2 /* Base */ = {isa = PBXFileReference; lastKnownFileType = file.storyboard; name = Base; path = Base.lproj/LaunchScreen.storyboard; sourceTree = "<group>"; };
		0603483222C2C596005350E2 /* Info.plist */ = {isa = PBXFileReference; lastKnownFileType = text.plist.xml; path = Info.plist; sourceTree = "<group>"; };
		0603483322C2C596005350E2 /* main.m */ = {isa = PBXFileReference; lastKnownFileType = sourcecode.c.objc; path = main.m; sourceTree = "<group>"; };
		0603483922C2C596005350E2 /* TipsterTests.xctest */ = {isa = PBXFileReference; explicitFileType = wrapper.cfbundle; includeInIndex = 0; path = TipsterTests.xctest; sourceTree = BUILT_PRODUCTS_DIR; };
		0603483D22C2C596005350E2 /* TipsterTests.m */ = {isa = PBXFileReference; lastKnownFileType = sourcecode.c.objc; path = TipsterTests.m; sourceTree = "<group>"; };
		0603483F22C2C596005350E2 /* Info.plist */ = {isa = PBXFileReference; lastKnownFileType = text.plist.xml; path = Info.plist; sourceTree = "<group>"; };
		0603484422C2C596005350E2 /* TipsterUITests.xctest */ = {isa = PBXFileReference; explicitFileType = wrapper.cfbundle; includeInIndex = 0; path = TipsterUITests.xctest; sourceTree = BUILT_PRODUCTS_DIR; };
		0603484822C2C596005350E2 /* TipsterUITests.m */ = {isa = PBXFileReference; lastKnownFileType = sourcecode.c.objc; path = TipsterUITests.m; sourceTree = "<group>"; };
		0603484A22C2C596005350E2 /* Info.plist */ = {isa = PBXFileReference; lastKnownFileType = text.plist.xml; path = Info.plist; sourceTree = "<group>"; };
/* End PBXFileReference section */

/* Begin PBXFrameworksBuildPhase section */
		0603481E22C2C595005350E2 /* Frameworks */ = {
			isa = PBXFrameworksBuildPhase;
			buildActionMask = 2147483647;
			files = (
			);
			runOnlyForDeploymentPostprocessing = 0;
		};
		0603483622C2C596005350E2 /* Frameworks */ = {
			isa = PBXFrameworksBuildPhase;
			buildActionMask = 2147483647;
			files = (
			);
			runOnlyForDeploymentPostprocessing = 0;
		};
		0603484122C2C596005350E2 /* Frameworks */ = {
			isa = PBXFrameworksBuildPhase;
			buildActionMask = 2147483647;
			files = (
			);
			runOnlyForDeploymentPostprocessing = 0;
		};
/* End PBXFrameworksBuildPhase section */

/* Begin PBXGroup section */
		0603481822C2C595005350E2 = {
			isa = PBXGroup;
			children = (
				0603482322C2C595005350E2 /* Tipster */,
				0603483C22C2C596005350E2 /* TipsterTests */,
				0603484722C2C596005350E2 /* TipsterUITests */,
				0603482222C2C595005350E2 /* Products */,
			);
			sourceTree = "<group>";
		};
		0603482222C2C595005350E2 /* Products */ = {
			isa = PBXGroup;
			children = (
				0603482122C2C595005350E2 /* Tipster.app */,
				0603483922C2C596005350E2 /* TipsterTests.xctest */,
				0603484422C2C596005350E2 /* TipsterUITests.xctest */,
			);
			name = Products;
			sourceTree = "<group>";
		};
		0603482322C2C595005350E2 /* Tipster */ = {
			isa = PBXGroup;
			children = (
				0603482422C2C595005350E2 /* AppDelegate.h */,
				0603482522C2C595005350E2 /* AppDelegate.m */,
				0603482722C2C595005350E2 /* ViewController.h */,
				0603482822C2C595005350E2 /* ViewController.m */,
				0603482A22C2C595005350E2 /* Main.storyboard */,
				0603482D22C2C596005350E2 /* Assets.xcassets */,
				0603482F22C2C596005350E2 /* LaunchScreen.storyboard */,
				0603483222C2C596005350E2 /* Info.plist */,
				0603483322C2C596005350E2 /* main.m */,
			);
			path = Tipster;
			sourceTree = "<group>";
		};
		0603483C22C2C596005350E2 /* TipsterTests */ = {
			isa = PBXGroup;
			children = (
				0603483D22C2C596005350E2 /* TipsterTests.m */,
				0603483F22C2C596005350E2 /* Info.plist */,
			);
			path = TipsterTests;
			sourceTree = "<group>";
		};
		0603484722C2C596005350E2 /* TipsterUITests */ = {
			isa = PBXGroup;
			children = (
				0603484822C2C596005350E2 /* TipsterUITests.m */,
				0603484A22C2C596005350E2 /* Info.plist */,
			);
			path = TipsterUITests;
			sourceTree = "<group>";
		};
/* End PBXGroup section */

/* Begin PBXNativeTarget section */
		0603482022C2C595005350E2 /* Tipster */ = {
			isa = PBXNativeTarget;
			buildConfigurationList = 0603484D22C2C596005350E2 /* Build configuration list for PBXNativeTarget "Tipster" */;
			buildPhases = (
				0603481D22C2C595005350E2 /* Sources */,
				0603481E22C2C595005350E2 /* Frameworks */,
				0603481F22C2C595005350E2 /* Resources */,
			);
			buildRules = (
			);
			dependencies = (
			);
			name = Tipster;
			productName = Tipster;
			productReference = 0603482122C2C595005350E2 /* Tipster.app */;
			productType = "com.apple.product-type.application";
		};
		0603483822C2C596005350E2 /* TipsterTests */ = {
			isa = PBXNativeTarget;
			buildConfigurationList = 0603485022C2C596005350E2 /* Build configuration list for PBXNativeTarget "TipsterTests" */;
			buildPhases = (
				0603483522C2C596005350E2 /* Sources */,
				0603483622C2C596005350E2 /* Frameworks */,
				0603483722C2C596005350E2 /* Resources */,
			);
			buildRules = (
			);
			dependencies = (
				0603483B22C2C596005350E2 /* PBXTargetDependency */,
			);
			name = TipsterTests;
			productName = TipsterTests;
			productReference = 0603483922C2C596005350E2 /* TipsterTests.xctest */;
			productType = "com.apple.product-type.bundle.unit-test";
		};
		0603484322C2C596005350E2 /* TipsterUITests */ = {
			isa = PBXNativeTarget;
			buildConfigurationList = 0603485322C2C596005350E2 /* Build configuration list for PBXNativeTarget "TipsterUITests" */;
			buildPhases = (
				0603484022C2C596005350E2 /* Sources */,
				0603484122C2C596005350E2 /* Frameworks */,
				0603484222C2C596005350E2 /* Resources */,
			);
			buildRules = (
			);
			dependencies = (
				0603484622C2C596005350E2 /* PBXTargetDependency */,
			);
			name = TipsterUITests;
			productName = TipsterUITests;
			productReference = 0603484422C2C596005350E2 /* TipsterUITests.xctest */;
			productType = "com.apple.product-type.bundle.ui-testing";
		};
/* End PBXNativeTarget section */

/* Begin PBXProject section */
		0603481922C2C595005350E2 /* Project object */ = {
			isa = PBXProject;
			attributes = {
				LastUpgradeCheck = 1020;
				ORGANIZATIONNAME = ezietz;
				TargetAttributes = {
					0603482022C2C595005350E2 = {
						CreatedOnToolsVersion = 10.2.1;
					};
					0603483822C2C596005350E2 = {
						CreatedOnToolsVersion = 10.2.1;
						TestTargetID = 0603482022C2C595005350E2;
					};
					0603484322C2C596005350E2 = {
						CreatedOnToolsVersion = 10.2.1;
						TestTargetID = 0603482022C2C595005350E2;
					};
				};
			};
			buildConfigurationList = 0603481C22C2C595005350E2 /* Build configuration list for PBXProject "Tipster" */;
			compatibilityVersion = "Xcode 9.3";
			developmentRegion = en;
			hasScannedForEncodings = 0;
			knownRegions = (
				en,
				Base,
			);
			mainGroup = 0603481822C2C595005350E2;
			productRefGroup = 0603482222C2C595005350E2 /* Products */;
			projectDirPath = "";
			projectRoot = "";
			targets = (
				0603482022C2C595005350E2 /* Tipster */,
				0603483822C2C596005350E2 /* TipsterTests */,
				0603484322C2C596005350E2 /* TipsterUITests */,
			);
		};
/* End PBXProject section */

/* Begin PBXResourcesBuildPhase section */
		0603481F22C2C595005350E2 /* Resources */ = {
			isa = PBXResourcesBuildPhase;
			buildActionMask = 2147483647;
			files = (
				0603483122C2C596005350E2 /* LaunchScreen.storyboard in Resources */,
				0603482E22C2C596005350E2 /* Assets.xcassets in Resources */,
				0603482C22C2C595005350E2 /* Main.storyboard in Resources */,
			);
			runOnlyForDeploymentPostprocessing = 0;
		};
		0603483722C2C596005350E2 /* Resources */ = {
			isa = PBXResourcesBuildPhase;
			buildActionMask = 2147483647;
			files = (
			);
			runOnlyForDeploymentPostprocessing = 0;
		};
		0603484222C2C596005350E2 /* Resources */ = {
			isa = PBXResourcesBuildPhase;
			buildActionMask = 2147483647;
			files = (
			);
			runOnlyForDeploymentPostprocessing = 0;
		};
/* End PBXResourcesBuildPhase section */

/* Begin PBXSourcesBuildPhase section */
		0603481D22C2C595005350E2 /* Sources */ = {
			isa = PBXSourcesBuildPhase;
			buildActionMask = 2147483647;
			files = (
				0603482922C2C595005350E2 /* ViewController.m in Sources */,
				0603483422C2C596005350E2 /* main.m in Sources */,
				0603482622C2C595005350E2 /* AppDelegate.m in Sources */,
			);
			runOnlyForDeploymentPostprocessing = 0;
		};
		0603483522C2C596005350E2 /* Sources */ = {
			isa = PBXSourcesBuildPhase;
			buildActionMask = 2147483647;
			files = (
				0603483E22C2C596005350E2 /* TipsterTests.m in Sources */,
			);
			runOnlyForDeploymentPostprocessing = 0;
		};
		0603484022C2C596005350E2 /* Sources */ = {
			isa = PBXSourcesBuildPhase;
			buildActionMask = 2147483647;
			files = (
				0603484922C2C596005350E2 /* TipsterUITests.m in Sources */,
			);
			runOnlyForDeploymentPostprocessing = 0;
		};
/* End PBXSourcesBuildPhase section */

/* Begin PBXTargetDependency section */
		0603483B22C2C596005350E2 /* PBXTargetDependency */ = {
			isa = PBXTargetDependency;
			target = 0603482022C2C595005350E2 /* Tipster */;
			targetProxy = 0603483A22C2C596005350E2 /* PBXContainerItemProxy */;
		};
		0603484622C2C596005350E2 /* PBXTargetDependency */ = {
			isa = PBXTargetDependency;
			target = 0603482022C2C595005350E2 /* Tipster */;
			targetProxy = 0603484522C2C596005350E2 /* PBXContainerItemProxy */;
		};
/* End PBXTargetDependency section */

/* Begin PBXVariantGroup section */
		0603482A22C2C595005350E2 /* Main.storyboard */ = {
			isa = PBXVariantGroup;
			children = (
				0603482B22C2C595005350E2 /* Base */,
			);
			name = Main.storyboard;
			sourceTree = "<group>";
		};
		0603482F22C2C596005350E2 /* LaunchScreen.storyboard */ = {
			isa = PBXVariantGroup;
			children = (
				0603483022C2C596005350E2 /* Base */,
			);
			name = LaunchScreen.storyboard;
			sourceTree = "<group>";
		};
/* End PBXVariantGroup section */

/* Begin XCBuildConfiguration section */
		0603484B22C2C596005350E2 /* Debug */ = {
			isa = XCBuildConfiguration;
			buildSettings = {
				ALWAYS_SEARCH_USER_PATHS = NO;
				CLANG_ANALYZER_NONNULL = YES;
				CLANG_ANALYZER_NUMBER_OBJECT_CONVERSION = YES_AGGRESSIVE;
				CLANG_CXX_LANGUAGE_STANDARD = "gnu++14";
				CLANG_CXX_LIBRARY = "libc++";
				CLANG_ENABLE_MODULES = YES;
				CLANG_ENABLE_OBJC_ARC = YES;
				CLANG_ENABLE_OBJC_WEAK = YES;
				CLANG_WARN_BLOCK_CAPTURE_AUTORELEASING = YES;
				CLANG_WARN_BOOL_CONVERSION = YES;
				CLANG_WARN_COMMA = YES;
				CLANG_WARN_CONSTANT_CONVERSION = YES;
				CLANG_WARN_DEPRECATED_OBJC_IMPLEMENTATIONS = YES;
				CLANG_WARN_DIRECT_OBJC_ISA_USAGE = YES_ERROR;
				CLANG_WARN_DOCUMENTATION_COMMENTS = YES;
				CLANG_WARN_EMPTY_BODY = YES;
				CLANG_WARN_ENUM_CONVERSION = YES;
				CLANG_WARN_INFINITE_RECURSION = YES;
				CLANG_WARN_INT_CONVERSION = YES;
				CLANG_WARN_NON_LITERAL_NULL_CONVERSION = YES;
				CLANG_WARN_OBJC_IMPLICIT_RETAIN_SELF = YES;
				CLANG_WARN_OBJC_LITERAL_CONVERSION = YES;
				CLANG_WARN_OBJC_ROOT_CLASS = YES_ERROR;
				CLANG_WARN_RANGE_LOOP_ANALYSIS = YES;
				CLANG_WARN_STRICT_PROTOTYPES = YES;
				CLANG_WARN_SUSPICIOUS_MOVE = YES;
				CLANG_WARN_UNGUARDED_AVAILABILITY = YES_AGGRESSIVE;
				CLANG_WARN_UNREACHABLE_CODE = YES;
				CLANG_WARN__DUPLICATE_METHOD_MATCH = YES;
				CODE_SIGN_IDENTITY = "iPhone Developer";
				COPY_PHASE_STRIP = NO;
				DEBUG_INFORMATION_FORMAT = dwarf;
				ENABLE_STRICT_OBJC_MSGSEND = YES;
				ENABLE_TESTABILITY = YES;
				GCC_C_LANGUAGE_STANDARD = gnu11;
				GCC_DYNAMIC_NO_PIC = NO;
				GCC_NO_COMMON_BLOCKS = YES;
				GCC_OPTIMIZATION_LEVEL = 0;
				GCC_PREPROCESSOR_DEFINITIONS = (
					"DEBUG=1",
					"$(inherited)",
				);
				GCC_WARN_64_TO_32_BIT_CONVERSION = YES;
				GCC_WARN_ABOUT_RETURN_TYPE = YES_ERROR;
				GCC_WARN_UNDECLARED_SELECTOR = YES;
				GCC_WARN_UNINITIALIZED_AUTOS = YES_AGGRESSIVE;
				GCC_WARN_UNUSED_FUNCTION = YES;
				GCC_WARN_UNUSED_VARIABLE = YES;
				IPHONEOS_DEPLOYMENT_TARGET = 12.2;
				MTL_ENABLE_DEBUG_INFO = INCLUDE_SOURCE;
				MTL_FAST_MATH = YES;
				ONLY_ACTIVE_ARCH = YES;
				SDKROOT = iphoneos;
			};
			name = Debug;
		};
		0603484C22C2C596005350E2 /* Release */ = {
			isa = XCBuildConfiguration;
			buildSettings = {
				ALWAYS_SEARCH_USER_PATHS = NO;
				CLANG_ANALYZER_NONNULL = YES;
				CLANG_ANALYZER_NUMBER_OBJECT_CONVERSION = YES_AGGRESSIVE;
				CLANG_CXX_LANGUAGE_STANDARD = "gnu++14";
				CLANG_CXX_LIBRARY = "libc++";
				CLANG_ENABLE_MODULES = YES;
				CLANG_ENABLE_OBJC_ARC = YES;
				CLANG_ENABLE_OBJC_WEAK = YES;
				CLANG_WARN_BLOCK_CAPTURE_AUTORELEASING = YES;
				CLANG_WARN_BOOL_CONVERSION = YES;
				CLANG_WARN_COMMA = YES;
				CLANG_WARN_CONSTANT_CONVERSION = YES;
				CLANG_WARN_DEPRECATED_OBJC_IMPLEMENTATIONS = YES;
				CLANG_WARN_DIRECT_OBJC_ISA_USAGE = YES_ERROR;
				CLANG_WARN_DOCUMENTATION_COMMENTS = YES;
				CLANG_WARN_EMPTY_BODY = YES;
				CLANG_WARN_ENUM_CONVERSION = YES;
				CLANG_WARN_INFINITE_RECURSION = YES;
				CLANG_WARN_INT_CONVERSION = YES;
				CLANG_WARN_NON_LITERAL_NULL_CONVERSION = YES;
				CLANG_WARN_OBJC_IMPLICIT_RETAIN_SELF = YES;
				CLANG_WARN_OBJC_LITERAL_CONVERSION = YES;
				CLANG_WARN_OBJC_ROOT_CLASS = YES_ERROR;
				CLANG_WARN_RANGE_LOOP_ANALYSIS = YES;
				CLANG_WARN_STRICT_PROTOTYPES = YES;
				CLANG_WARN_SUSPICIOUS_MOVE = YES;
				CLANG_WARN_UNGUARDED_AVAILABILITY = YES_AGGRESSIVE;
				CLANG_WARN_UNREACHABLE_CODE = YES;
				CLANG_WARN__DUPLICATE_METHOD_MATCH = YES;
				CODE_SIGN_IDENTITY = "iPhone Developer";
				COPY_PHASE_STRIP = NO;
				DEBUG_INFORMATION_FORMAT = "dwarf-with-dsym";
				ENABLE_NS_ASSERTIONS = NO;
				ENABLE_STRICT_OBJC_MSGSEND = YES;
				GCC_C_LANGUAGE_STANDARD = gnu11;
				GCC_NO_COMMON_BLOCKS = YES;
				GCC_WARN_64_TO_32_BIT_CONVERSION = YES;
				GCC_WARN_ABOUT_RETURN_TYPE = YES_ERROR;
				GCC_WARN_UNDECLARED_SELECTOR = YES;
				GCC_WARN_UNINITIALIZED_AUTOS = YES_AGGRESSIVE;
				GCC_WARN_UNUSED_FUNCTION = YES;
				GCC_WARN_UNUSED_VARIABLE = YES;
				IPHONEOS_DEPLOYMENT_TARGET = 12.2;
				MTL_ENABLE_DEBUG_INFO = NO;
				MTL_FAST_MATH = YES;
				SDKROOT = iphoneos;
				VALIDATE_PRODUCT = YES;
			};
			name = Release;
		};
		0603484E22C2C596005350E2 /* Debug */ = {
			isa = XCBuildConfiguration;
			buildSettings = {
				ASSETCATALOG_COMPILER_APPICON_NAME = AppIcon;
				CODE_SIGN_STYLE = Automatic;
				INFOPLIST_FILE = Tipster/Info.plist;
				LD_RUNPATH_SEARCH_PATHS = (
					"$(inherited)",
					"@executable_path/Frameworks",
				);
				PRODUCT_BUNDLE_IDENTIFIER = com.ezietz.Tipster;
				PRODUCT_NAME = "$(TARGET_NAME)";
				TARGETED_DEVICE_FAMILY = "1,2";
			};
			name = Debug;
		};
		0603484F22C2C596005350E2 /* Release */ = {
			isa = XCBuildConfiguration;
			buildSettings = {
				ASSETCATALOG_COMPILER_APPICON_NAME = AppIcon;
				CODE_SIGN_STYLE = Automatic;
				INFOPLIST_FILE = Tipster/Info.plist;
				LD_RUNPATH_SEARCH_PATHS = (
					"$(inherited)",
					"@executable_path/Frameworks",
				);
				PRODUCT_BUNDLE_IDENTIFIER = com.ezietz.Tipster;
				PRODUCT_NAME = "$(TARGET_NAME)";
				TARGETED_DEVICE_FAMILY = "1,2";
			};
			name = Release;
		};
		0603485122C2C596005350E2 /* Debug */ = {
			isa = XCBuildConfiguration;
			buildSettings = {
				BUNDLE_LOADER = "$(TEST_HOST)";
				CODE_SIGN_STYLE = Automatic;
				INFOPLIST_FILE = TipsterTests/Info.plist;
				LD_RUNPATH_SEARCH_PATHS = (
					"$(inherited)",
					"@executable_path/Frameworks",
					"@loader_path/Frameworks",
				);
				PRODUCT_BUNDLE_IDENTIFIER = com.ezietz.TipsterTests;
				PRODUCT_NAME = "$(TARGET_NAME)";
				TARGETED_DEVICE_FAMILY = "1,2";
				TEST_HOST = "$(BUILT_PRODUCTS_DIR)/Tipster.app/Tipster";
			};
			name = Debug;
		};
		0603485222C2C596005350E2 /* Release */ = {
			isa = XCBuildConfiguration;
			buildSettings = {
				BUNDLE_LOADER = "$(TEST_HOST)";
				CODE_SIGN_STYLE = Automatic;
				INFOPLIST_FILE = TipsterTests/Info.plist;
				LD_RUNPATH_SEARCH_PATHS = (
					"$(inherited)",
					"@executable_path/Frameworks",
					"@loader_path/Frameworks",
				);
				PRODUCT_BUNDLE_IDENTIFIER = com.ezietz.TipsterTests;
				PRODUCT_NAME = "$(TARGET_NAME)";
				TARGETED_DEVICE_FAMILY = "1,2";
				TEST_HOST = "$(BUILT_PRODUCTS_DIR)/Tipster.app/Tipster";
			};
			name = Release;
		};
		0603485422C2C596005350E2 /* Debug */ = {
			isa = XCBuildConfiguration;
			buildSettings = {
				CODE_SIGN_STYLE = Automatic;
				INFOPLIST_FILE = TipsterUITests/Info.plist;
				LD_RUNPATH_SEARCH_PATHS = (
					"$(inherited)",
					"@executable_path/Frameworks",
					"@loader_path/Frameworks",
				);
				PRODUCT_BUNDLE_IDENTIFIER = com.ezietz.TipsterUITests;
				PRODUCT_NAME = "$(TARGET_NAME)";
				TARGETED_DEVICE_FAMILY = "1,2";
				TEST_TARGET_NAME = Tipster;
			};
			name = Debug;
		};
		0603485522C2C596005350E2 /* Release */ = {
			isa = XCBuildConfiguration;
			buildSettings = {
				CODE_SIGN_STYLE = Automatic;
				INFOPLIST_FILE = TipsterUITests/Info.plist;
				LD_RUNPATH_SEARCH_PATHS = (
					"$(inherited)",
					"@executable_path/Frameworks",
					"@loader_path/Frameworks",
				);
				PRODUCT_BUNDLE_IDENTIFIER = com.ezietz.TipsterUITests;
				PRODUCT_NAME = "$(TARGET_NAME)";
				TARGETED_DEVICE_FAMILY = "1,2";
				TEST_TARGET_NAME = Tipster;
			};
			name = Release;
		};
/* End XCBuildConfiguration section */

/* Begin XCConfigurationList section */
		0603481C22C2C595005350E2 /* Build configuration list for PBXProject "Tipster" */ = {
			isa = XCConfigurationList;
			buildConfigurations = (
				0603484B22C2C596005350E2 /* Debug */,
				0603484C22C2C596005350E2 /* Release */,
			);
			defaultConfigurationIsVisible = 0;
			defaultConfigurationName = Release;
		};
		0603484D22C2C596005350E2 /* Build configuration list for PBXNativeTarget "Tipster" */ = {
			isa = XCConfigurationList;
			buildConfigurations = (
				0603484E22C2C596005350E2 /* Debug */,
				0603484F22C2C596005350E2 /* Release */,
			);
			defaultConfigurationIsVisible = 0;
			defaultConfigurationName = Release;
		};
		0603485022C2C596005350E2 /* Build configuration list for PBXNativeTarget "TipsterTests" */ = {
			isa = XCConfigurationList;
			buildConfigurations = (
				0603485122C2C596005350E2 /* Debug */,
				0603485222C2C596005350E2 /* Release */,
			);
			defaultConfigurationIsVisible = 0;
			defaultConfigurationName = Release;
		};
		0603485322C2C596005350E2 /* Build configuration list for PBXNativeTarget "TipsterUITests" */ = {
			isa = XCConfigurationList;
			buildConfigurations = (
				0603485422C2C596005350E2 /* Debug */,
				0603485522C2C596005350E2 /* Release */,
			);
			defaultConfigurationIsVisible = 0;
			defaultConfigurationName = Release;
		};
/* End XCConfigurationList section */
	};
	rootObject = 0603481922C2C595005350E2 /* Project object */;
}
